
Microsoft Visual Studio Solution File, Format Version 12.00
# Visual Studio 2015
Project("{FAE04EC0-301F-11D3-BF4B-00C04F79EFBC}") = "ARKIT", "ARKIT.csproj", "{6EB8CCD8-83B9-BFA6-C131-C2E3A9FD2BB3}"
EndProject
Project("{FAE04EC0-301F-11D3-BF4B-00C04F79EFBC}") = "ARKIT.Editor", "ARKIT.Editor.csproj", "{E7225941-2054-DF24-C686-C251BCD4DA1A}"
EndProject
Global
	GlobalSection(SolutionConfigurationPlatforms) = preSolution
		Debug|Any CPU = Debug|Any CPU
		Release|Any CPU = Release|Any CPU
	EndGlobalSection
	GlobalSection(ProjectConfigurationPlatforms) = postSolution
		{6EB8CCD8-83B9-BFA6-C131-C2E3A9FD2BB3}.Debug|Any CPU.ActiveCfg = Debug|Any CPU
		{6EB8CCD8-83B9-BFA6-C131-C2E3A9FD2BB3}.Debug|Any CPU.Build.0 = Debug|Any CPU
		{6EB8CCD8-83B9-BFA6-C131-C2E3A9FD2BB3}.Release|Any CPU.ActiveCfg = Release|Any CPU
		{6EB8CCD8-83B9-BFA6-C131-C2E3A9FD2BB3}.Release|Any CPU.Build.0 = Release|Any CPU
		{E7225941-2054-DF24-C686-C251BCD4DA1A}.Debug|Any CPU.ActiveCfg = Debug|Any CPU
		{E7225941-2054-DF24-C686-C251BCD4DA1A}.Debug|Any CPU.Build.0 = Debug|Any CPU
		{E7225941-2054-DF24-C686-C251BCD4DA1A}.Release|Any CPU.ActiveCfg = Release|Any CPU
		{E7225941-2054-DF24-C686-C251BCD4DA1A}.Release|Any CPU.Build.0 = Release|Any CPU
	EndGlobalSection
	GlobalSection(SolutionProperties) = preSolution
		HideSolutionNode = FALSE
	EndGlobalSection
EndGlobal
